
Microsoft Visual Studio Solution File, Format Version 12.00
# Visual Studio Version 16
VisualStudioVersion = 16.0.28803.156
MinimumVisualStudioVersion = 10.0.40219.1
Project("{9A19103F-16F7-4668-BE54-9A1E7A4F7556}") = "Apex.Collections", "Apex.Collections\Apex.Collections.csproj", "{84ADD169-830D-48AE-A920-E1E00DDBC5AD}"
EndProject
Project("{9A19103F-16F7-4668-BE54-9A1E7A4F7556}") = "Apex.Collections.Tests", "Apex.Collections.Tests\Apex.Collections.Tests.csproj", "{FDCD1931-2D7D-4A77-B9E9-B9EAC9CEA8DF}"
EndProject
Project("{9A19103F-16F7-4668-BE54-9A1E7A4F7556}") = "Benchmarks", "Benchmarks\Benchmarks.csproj", "{B8C596BD-4C05-48B0-8CF8-4F1BF6536F1D}"
EndProject
Global
	GlobalSection(SolutionConfigurationPlatforms) = preSolution
		Debug|Any CPU = Debug|Any CPU
		Release|Any CPU = Release|Any CPU
	EndGlobalSection
	GlobalSection(ProjectConfigurationPlatforms) = postSolution
		{84ADD169-830D-48AE-A920-E1E00DDBC5AD}.Debug|Any CPU.ActiveCfg = Debug|Any CPU
		{84ADD169-830D-48AE-A920-E1E00DDBC5AD}.Debug|Any CPU.Build.0 = Debug|Any CPU
		{84ADD169-830D-48AE-A920-E1E00DDBC5AD}.Release|Any CPU.ActiveCfg = Release|Any CPU
		{84ADD169-830D-48AE-A920-E1E00DDBC5AD}.Release|Any CPU.Build.0 = Release|Any CPU
		{FDCD1931-2D7D-4A77-B9E9-B9EAC9CEA8DF}.Debug|Any CPU.ActiveCfg = Debug|Any CPU
		{FDCD1931-2D7D-4A77-B9E9-B9EAC9CEA8DF}.Debug|Any CPU.Build.0 = Debug|Any CPU
		{FDCD1931-2D7D-4A77-B9E9-B9EAC9CEA8DF}.Release|Any CPU.ActiveCfg = Release|Any CPU
		{FDCD1931-2D7D-4A77-B9E9-B9EAC9CEA8DF}.Release|Any CPU.Build.0 = Release|Any CPU
		{B8C596BD-4C05-48B0-8CF8-4F1BF6536F1D}.Debug|Any CPU.ActiveCfg = Debug|Any CPU
		{B8C596BD-4C05-48B0-8CF8-4F1BF6536F1D}.Debug|Any CPU.Build.0 = Debug|Any CPU
		{B8C596BD-4C05-48B0-8CF8-4F1BF6536F1D}.Release|Any CPU.ActiveCfg = Release|Any CPU
		{B8C596BD-4C05-48B0-8CF8-4F1BF6536F1D}.Release|Any CPU.Build.0 = Release|Any CPU
	EndGlobalSection
	GlobalSection(SolutionProperties) = preSolution
		HideSolutionNode = FALSE
	EndGlobalSection
	GlobalSection(ExtensibilityGlobals) = postSolution
		SolutionGuid = {28A9D163-3B41-4294-BB19-4C010CF6F1C5}
	EndGlobalSection
EndGlobal
